// !$*UTF8*$!
{
	archiveVersion = 1;
	classes = {
	};
	objectVersion = 46;
	objects = {

/* Begin PBXBuildFile section */
		0125A1A81C3383E4001C8F3B /* AXPieChart.m in Sources */ = {isa = PBXBuildFile; fileRef = 0125A1A71C3383E4001C8F3B /* AXPieChart.m */; };
		0125A1AB1C3384E4001C8F3B /* PieChartViewController.m in Sources */ = {isa = PBXBuildFile; fileRef = 0125A1AA1C3384E4001C8F3B /* PieChartViewController.m */; };
		01C28A9E1C3127F900FDDB59 /* main.m in Sources */ = {isa = PBXBuildFile; fileRef = 01C28A9D1C3127F900FDDB59 /* main.m */; };
		01C28AA11C3127F900FDDB59 /* AppDelegate.m in Sources */ = {isa = PBXBuildFile; fileRef = 01C28AA01C3127F900FDDB59 /* AppDelegate.m */; };
		01C28AA41C3127F900FDDB59 /* LineChartViewController.m in Sources */ = {isa = PBXBuildFile; fileRef = 01C28AA31C3127F900FDDB59 /* LineChartViewController.m */; };
		01C28AA71C3127F900FDDB59 /* Main.storyboard in Resources */ = {isa = PBXBuildFile; fileRef = 01C28AA51C3127F900FDDB59 /* Main.storyboard */; };
		01C28AA91C3127F900FDDB59 /* Assets.xcassets in Resources */ = {isa = PBXBuildFile; fileRef = 01C28AA81C3127F900FDDB59 /* Assets.xcassets */; };
		01C28AAC1C3127F900FDDB59 /* LaunchScreen.storyboard in Resources */ = {isa = PBXBuildFile; fileRef = 01C28AAA1C3127F900FDDB59 /* LaunchScreen.storyboard */; };
		01C28AB51C312AD700FDDB59 /* AXChartBase.m in Sources */ = {isa = PBXBuildFile; fileRef = 01C28AB41C312AD700FDDB59 /* AXChartBase.m */; };
		01C28AB91C312B1F00FDDB59 /* AXLineChart.m in Sources */ = {isa = PBXBuildFile; fileRef = 01C28AB81C312B1F00FDDB59 /* AXLineChart.m */; };
		01D3D4621C3B96B4002AC542 /* AXCircleChart.m in Sources */ = {isa = PBXBuildFile; fileRef = 01D3D4611C3B96B4002AC542 /* AXCircleChart.m */; };
		01D3D4651C3B9FD7002AC542 /* CircleChartViewController.m in Sources */ = {isa = PBXBuildFile; fileRef = 01D3D4641C3B9FD7002AC542 /* CircleChartViewController.m */; };
		479F953A1C56099F87237890 /* libPods.a in Frameworks */ = {isa = PBXBuildFile; fileRef = 5CF2E075A55EF3421FB208CC /* libPods.a */; };
/* End PBXBuildFile section */

/* Begin PBXFileReference section */
		0125A1A61C3383E4001C8F3B /* AXPieChart.h */ = {isa = PBXFileReference; fileEncoding = 4; lastKnownFileType = sourcecode.c.h; name = AXPieChart.h; path = AXChartKits/AXPieChart.h; sourceTree = "<group>"; };
		0125A1A71C3383E4001C8F3B /* AXPieChart.m */ = {isa = PBXFileReference; fileEncoding = 4; lastKnownFileType = sourcecode.c.objc; name = AXPieChart.m; path = AXChartKits/AXPieChart.m; sourceTree = "<group>"; };
		0125A1A91C3384E4001C8F3B /* PieChartViewController.h */ = {isa = PBXFileReference; fileEncoding = 4; lastKnownFileType = sourcecode.c.h; path = PieChartViewController.h; sourceTree = "<group>"; };
		0125A1AA1C3384E4001C8F3B /* PieChartViewController.m */ = {isa = PBXFileReference; fileEncoding = 4; lastKnownFileType = sourcecode.c.objc; path = PieChartViewController.m; sourceTree = "<group>"; };
		01C28A991C3127F900FDDB59 /* AXChartKits.app */ = {isa = PBXFileReference; explicitFileType = wrapper.application; includeInIndex = 0; path = AXChartKits.app; sourceTree = BUILT_PRODUCTS_DIR; };
		01C28A9D1C3127F900FDDB59 /* main.m */ = {isa = PBXFileReference; lastKnownFileType = sourcecode.c.objc; path = main.m; sourceTree = "<group>"; };
		01C28A9F1C3127F900FDDB59 /* AppDelegate.h */ = {isa = PBXFileReference; lastKnownFileType = sourcecode.c.h; path = AppDelegate.h; sourceTree = "<group>"; };
		01C28AA01C3127F900FDDB59 /* AppDelegate.m */ = {isa = PBXFileReference; lastKnownFileType = sourcecode.c.objc; path = AppDelegate.m; sourceTree = "<group>"; };
		01C28AA21C3127F900FDDB59 /* LineChartViewController.h */ = {isa = PBXFileReference; lastKnownFileType = sourcecode.c.h; path = LineChartViewController.h; sourceTree = "<group>"; };
		01C28AA31C3127F900FDDB59 /* LineChartViewController.m */ = {isa = PBXFileReference; lastKnownFileType = sourcecode.c.objc; path = LineChartViewController.m; sourceTree = "<group>"; };
		01C28AA61C3127F900FDDB59 /* Base */ = {isa = PBXFileReference; lastKnownFileType = file.storyboard; name = Base; path = Base.lproj/Main.storyboard; sourceTree = "<group>"; };
		01C28AA81C3127F900FDDB59 /* Assets.xcassets */ = {isa = PBXFileReference; lastKnownFileType = folder.assetcatalog; path = Assets.xcassets; sourceTree = "<group>"; };
		01C28AAB1C3127F900FDDB59 /* Base */ = {isa = PBXFileReference; lastKnownFileType = file.storyboard; name = Base; path = Base.lproj/LaunchScreen.storyboard; sourceTree = "<group>"; };
		01C28AAD1C3127F900FDDB59 /* Info.plist */ = {isa = PBXFileReference; lastKnownFileType = text.plist.xml; path = Info.plist; sourceTree = "<group>"; };
		01C28AB31C312AD700FDDB59 /* AXChartBase.h */ = {isa = PBXFileReference; fileEncoding = 4; lastKnownFileType = sourcecode.c.h; name = AXChartBase.h; path = AXChartKits/AXChartBase.h; sourceTree = "<group>"; };
		01C28AB41C312AD700FDDB59 /* AXChartBase.m */ = {isa = PBXFileReference; fileEncoding = 4; lastKnownFileType = sourcecode.c.objc; name = AXChartBase.m; path = AXChartKits/AXChartBase.m; sourceTree = "<group>"; };
		01C28AB71C312B1F00FDDB59 /* AXLineChart.h */ = {isa = PBXFileReference; fileEncoding = 4; lastKnownFileType = sourcecode.c.h; name = AXLineChart.h; path = AXChartKits/AXLineChart.h; sourceTree = "<group>"; };
		01C28AB81C312B1F00FDDB59 /* AXLineChart.m */ = {isa = PBXFileReference; fileEncoding = 4; lastKnownFileType = sourcecode.c.objc; name = AXLineChart.m; path = AXChartKits/AXLineChart.m; sourceTree = "<group>"; };
		01D3D4601C3B96B4002AC542 /* AXCircleChart.h */ = {isa = PBXFileReference; fileEncoding = 4; lastKnownFileType = sourcecode.c.h; name = AXCircleChart.h; path = AXChartKits/AXCircleChart.h; sourceTree = "<group>"; };
		01D3D4611C3B96B4002AC542 /* AXCircleChart.m */ = {isa = PBXFileReference; fileEncoding = 4; lastKnownFileType = sourcecode.c.objc; name = AXCircleChart.m; path = AXChartKits/AXCircleChart.m; sourceTree = "<group>"; };
		01D3D4631C3B9FD7002AC542 /* CircleChartViewController.h */ = {isa = PBXFileReference; fileEncoding = 4; lastKnownFileType = sourcecode.c.h; path = CircleChartViewController.h; sourceTree = "<group>"; };
		01D3D4641C3B9FD7002AC542 /* CircleChartViewController.m */ = {isa = PBXFileReference; fileEncoding = 4; lastKnownFileType = sourcecode.c.objc; path = CircleChartViewController.m; sourceTree = "<group>"; };
		5CF2E075A55EF3421FB208CC /* libPods.a */ = {isa = PBXFileReference; explicitFileType = archive.ar; includeInIndex = 0; path = libPods.a; sourceTree = BUILT_PRODUCTS_DIR; };
		A4E30F54D9C023CFC7A1750F /* Pods.debug.xcconfig */ = {isa = PBXFileReference; includeInIndex = 1; lastKnownFileType = text.xcconfig; name = Pods.debug.xcconfig; path = "Pods/Target Support Files/Pods/Pods.debug.xcconfig"; sourceTree = "<group>"; };
		BA2A2B3CA17D5484B1345B72 /* Pods.release.xcconfig */ = {isa = PBXFileReference; includeInIndex = 1; lastKnownFileType = text.xcconfig; name = Pods.release.xcconfig; path = "Pods/Target Support Files/Pods/Pods.release.xcconfig"; sourceTree = "<group>"; };
/* End PBXFileReference section */

/* Begin PBXFrameworksBuildPhase section */
		01C28A961C3127F900FDDB59 /* Frameworks */ = {
			isa = PBXFrameworksBuildPhase;
			buildActionMask = 2147483647;
			files = (
				479F953A1C56099F87237890 /* libPods.a in Frameworks */,
			);
			runOnlyForDeploymentPostprocessing = 0;
		};
/* End PBXFrameworksBuildPhase section */

/* Begin PBXGroup section */
		01C28A901C3127F900FDDB59 = {
			isa = PBXGroup;
			children = (
				01C28A9B1C3127F900FDDB59 /* AXChartKits */,
				01C28A9A1C3127F900FDDB59 /* Products */,
				3175D5B4D88640560BE27A46 /* Pods */,
				46D321D923182C304891B81C /* Frameworks */,
			);
			sourceTree = "<group>";
		};
		01C28A9A1C3127F900FDDB59 /* Products */ = {
			isa = PBXGroup;
			children = (
				01C28A991C3127F900FDDB59 /* AXChartKits.app */,
			);
			name = Products;
			sourceTree = "<group>";
		};
		01C28A9B1C3127F900FDDB59 /* AXChartKits */ = {
			isa = PBXGroup;
			children = (
				01C28A9F1C3127F900FDDB59 /* AppDelegate.h */,
				01C28AA01C3127F900FDDB59 /* AppDelegate.m */,
				0125A1A91C3384E4001C8F3B /* PieChartViewController.h */,
				0125A1AA1C3384E4001C8F3B /* PieChartViewController.m */,
				01C28AA21C3127F900FDDB59 /* LineChartViewController.h */,
				01C28AA31C3127F900FDDB59 /* LineChartViewController.m */,
				01D3D4631C3B9FD7002AC542 /* CircleChartViewController.h */,
				01D3D4641C3B9FD7002AC542 /* CircleChartViewController.m */,
				01C28AB61C312ADB00FDDB59 /* AXChartKits */,
				01C28AA51C3127F900FDDB59 /* Main.storyboard */,
				01C28AA81C3127F900FDDB59 /* Assets.xcassets */,
				01C28AAA1C3127F900FDDB59 /* LaunchScreen.storyboard */,
				01C28AAD1C3127F900FDDB59 /* Info.plist */,
				01C28A9C1C3127F900FDDB59 /* Supporting Files */,
			);
			path = AXChartKits;
			sourceTree = "<group>";
		};
		01C28A9C1C3127F900FDDB59 /* Supporting Files */ = {
			isa = PBXGroup;
			children = (
				01C28A9D1C3127F900FDDB59 /* main.m */,
			);
			name = "Supporting Files";
			sourceTree = "<group>";
		};
		01C28AB61C312ADB00FDDB59 /* AXChartKits */ = {
			isa = PBXGroup;
			children = (
				01C28AB31C312AD700FDDB59 /* AXChartBase.h */,
				01C28AB41C312AD700FDDB59 /* AXChartBase.m */,
				0125A1A61C3383E4001C8F3B /* AXPieChart.h */,
				0125A1A71C3383E4001C8F3B /* AXPieChart.m */,
				01C28AB71C312B1F00FDDB59 /* AXLineChart.h */,
				01C28AB81C312B1F00FDDB59 /* AXLineChart.m */,
				01D3D4601C3B96B4002AC542 /* AXCircleChart.h */,
				01D3D4611C3B96B4002AC542 /* AXCircleChart.m */,
			);
			name = AXChartKits;
			sourceTree = "<group>";
		};
		3175D5B4D88640560BE27A46 /* Pods */ = {
			isa = PBXGroup;
			children = (
				A4E30F54D9C023CFC7A1750F /* Pods.debug.xcconfig */,
				BA2A2B3CA17D5484B1345B72 /* Pods.release.xcconfig */,
			);
			name = Pods;
			sourceTree = "<group>";
		};
		46D321D923182C304891B81C /* Frameworks */ = {
			isa = PBXGroup;
			children = (
				5CF2E075A55EF3421FB208CC /* libPods.a */,
			);
			name = Frameworks;
			sourceTree = "<group>";
		};
/* End PBXGroup section */

/* Begin PBXNativeTarget section */
		01C28A981C3127F900FDDB59 /* AXChartKits */ = {
			isa = PBXNativeTarget;
			buildConfigurationList = 01C28AB01C3127F900FDDB59 /* Build configuration list for PBXNativeTarget "AXChartKits" */;
			buildPhases = (
				083B999273297290E212D9E6 /* Check Pods Manifest.lock */,
				01C28A951C3127F900FDDB59 /* Sources */,
				01C28A961C3127F900FDDB59 /* Frameworks */,
				01C28A971C3127F900FDDB59 /* Resources */,
				D5F788EFB405C5BE4B5EEA81 /* Embed Pods Frameworks */,
				6969E321A2684FE72765B9AB /* Copy Pods Resources */,
			);
			buildRules = (
			);
			dependencies = (
			);
			name = AXChartKits;
			productName = AXChartKits;
			productReference = 01C28A991C3127F900FDDB59 /* AXChartKits.app */;
			productType = "com.apple.product-type.application";
		};
/* End PBXNativeTarget section */

/* Begin PBXProject section */
		01C28A911C3127F900FDDB59 /* Project object */ = {
			isa = PBXProject;
			attributes = {
				LastUpgradeCheck = 0720;
				ORGANIZATIONNAME = AiXing;
				TargetAttributes = {
					01C28A981C3127F900FDDB59 = {
						CreatedOnToolsVersion = 7.2;
					};
				};
			};
			buildConfigurationList = 01C28A941C3127F900FDDB59 /* Build configuration list for PBXProject "AXChartKits" */;
			compatibilityVersion = "Xcode 3.2";
			developmentRegion = English;
			hasScannedForEncodings = 0;
			knownRegions = (
				en,
				Base,
			);
			mainGroup = 01C28A901C3127F900FDDB59;
			productRefGroup = 01C28A9A1C3127F900FDDB59 /* Products */;
			projectDirPath = "";
			projectRoot = "";
			targets = (
				01C28A981C3127F900FDDB59 /* AXChartKits */,
			);
		};
/* End PBXProject section */

/* Begin PBXResourcesBuildPhase section */
		01C28A971C3127F900FDDB59 /* Resources */ = {
			isa = PBXResourcesBuildPhase;
			buildActionMask = 2147483647;
			files = (
				01C28AAC1C3127F900FDDB59 /* LaunchScreen.storyboard in Resources */,
				01C28AA91C3127F900FDDB59 /* Assets.xcassets in Resources */,
				01C28AA71C3127F900FDDB59 /* Main.storyboard in Resources */,
			);
			runOnlyForDeploymentPostprocessing = 0;
		};
/* End PBXResourcesBuildPhase section */

/* Begin PBXShellScriptBuildPhase section */
		083B999273297290E212D9E6 /* Check Pods Manifest.lock */ = {
			isa = PBXShellScriptBuildPhase;
			buildActionMask = 2147483647;
			files = (
			);
			inputPaths = (
			);
			name = "Check Pods Manifest.lock";
			outputPaths = (
			);
			runOnlyForDeploymentPostprocessing = 0;
			shellPath = /bin/sh;
			shellScript = "diff \"${PODS_ROOT}/../Podfile.lock\" \"${PODS_ROOT}/Manifest.lock\" > /dev/null\nif [[ $? != 0 ]] ; then\n    cat << EOM\nerror: The sandbox is not in sync with the Podfile.lock. Run 'pod install' or update your CocoaPods installation.\nEOM\n    exit 1\nfi\n";
			showEnvVarsInLog = 0;
		};
		6969E321A2684FE72765B9AB /* Copy Pods Resources */ = {
			isa = PBXShellScriptBuildPhase;
			buildActionMask = 2147483647;
			files = (
			);
			inputPaths = (
			);
			name = "Copy Pods Resources";
			outputPaths = (
			);
			runOnlyForDeploymentPostprocessing = 0;
			shellPath = /bin/sh;
			shellScript = "\"${SRCROOT}/Pods/Target Support Files/Pods/Pods-resources.sh\"\n";
			showEnvVarsInLog = 0;
		};
		D5F788EFB405C5BE4B5EEA81 /* Embed Pods Frameworks */ = {
			isa = PBXShellScriptBuildPhase;
			buildActionMask = 2147483647;
			files = (
			);
			inputPaths = (
			);
			name = "Embed Pods Frameworks";
			outputPaths = (
			);
			runOnlyForDeploymentPostprocessing = 0;
			shellPath = /bin/sh;
			shellScript = "\"${SRCROOT}/Pods/Target Support Files/Pods/Pods-frameworks.sh\"\n";
			showEnvVarsInLog = 0;
		};
/* End PBXShellScriptBuildPhase section */

/* Begin PBXSourcesBuildPhase section */
		01C28A951C3127F900FDDB59 /* Sources */ = {
			isa = PBXSourcesBuildPhase;
			buildActionMask = 2147483647;
			files = (
				01C28AA41C3127F900FDDB59 /* LineChartViewController.m in Sources */,
				01D3D4621C3B96B4002AC542 /* AXCircleChart.m in Sources */,
				01C28AB91C312B1F00FDDB59 /* AXLineChart.m in Sources */,
				0125A1AB1C3384E4001C8F3B /* PieChartViewController.m in Sources */,
				01C28AA11C3127F900FDDB59 /* AppDelegate.m in Sources */,
				01C28A9E1C3127F900FDDB59 /* main.m in Sources */,
				0125A1A81C3383E4001C8F3B /* AXPieChart.m in Sources */,
				01C28AB51C312AD700FDDB59 /* AXChartBase.m in Sources */,
				01D3D4651C3B9FD7002AC542 /* CircleChartViewController.m in Sources */,
			);
			runOnlyForDeploymentPostprocessing = 0;
		};
/* End PBXSourcesBuildPhase section */

/* Begin PBXVariantGroup section */
		01C28AA51C3127F900FDDB59 /* Main.storyboard */ = {
			isa = PBXVariantGroup;
			children = (
				01C28AA61C3127F900FDDB59 /* Base */,
			);
			name = Main.storyboard;
			sourceTree = "<group>";
		};
		01C28AAA1C3127F900FDDB59 /* LaunchScreen.storyboard */ = {
			isa = PBXVariantGroup;
			children = (
				01C28AAB1C3127F900FDDB59 /* Base */,
			);
			name = LaunchScreen.storyboard;
			sourceTree = "<group>";
		};
/* End PBXVariantGroup section */

/* Begin XCBuildConfiguration section */
		01C28AAE1C3127F900FDDB59 /* Debug */ = {
			isa = XCBuildConfiguration;
			buildSettings = {
				ALWAYS_SEARCH_USER_PATHS = NO;
				CLANG_CXX_LANGUAGE_STANDARD = "gnu++0x";
				CLANG_CXX_LIBRARY = "libc++";
				CLANG_ENABLE_MODULES = YES;
				CLANG_ENABLE_OBJC_ARC = YES;
				CLANG_WARN_BOOL_CONVERSION = YES;
				CLANG_WARN_CONSTANT_CONVERSION = YES;
				CLANG_WARN_DIRECT_OBJC_ISA_USAGE = YES_ERROR;
				CLANG_WARN_EMPTY_BODY = YES;
				CLANG_WARN_ENUM_CONVERSION = YES;
				CLANG_WARN_INT_CONVERSION = YES;
				CLANG_WARN_OBJC_ROOT_CLASS = YES_ERROR;
				CLANG_WARN_UNREACHABLE_CODE = YES;
				CLANG_WARN__DUPLICATE_METHOD_MATCH = YES;
				"CODE_SIGN_IDENTITY[sdk=iphoneos*]" = "iPhone Developer";
				COPY_PHASE_STRIP = NO;
				DEBUG_INFORMATION_FORMAT = dwarf;
				ENABLE_STRICT_OBJC_MSGSEND = YES;
				ENABLE_TESTABILITY = YES;
				GCC_C_LANGUAGE_STANDARD = gnu99;
				GCC_DYNAMIC_NO_PIC = NO;
				GCC_NO_COMMON_BLOCKS = YES;
				GCC_OPTIMIZATION_LEVEL = 0;
				GCC_PREPROCESSOR_DEFINITIONS = (
					"DEBUG=1",
					"$(inherited)",
				);
				GCC_WARN_64_TO_32_BIT_CONVERSION = YES;
				GCC_WARN_ABOUT_RETURN_TYPE = YES_ERROR;
				GCC_WARN_UNDECLARED_SELECTOR = YES;
				GCC_WARN_UNINITIALIZED_AUTOS = YES_AGGRESSIVE;
				GCC_WARN_UNUSED_FUNCTION = YES;
				GCC_WARN_UNUSED_VARIABLE = YES;
				IPHONEOS_DEPLOYMENT_TARGET = 9.2;
				MTL_ENABLE_DEBUG_INFO = YES;
				ONLY_ACTIVE_ARCH = YES;
				SDKROOT = iphoneos;
			};
			name = Debug;
		};
		01C28AAF1C3127F900FDDB59 /* Release */ = {
			isa = XCBuildConfiguration;
			buildSettings = {
				ALWAYS_SEARCH_USER_PATHS = NO;
				CLANG_CXX_LANGUAGE_STANDARD = "gnu++0x";
				CLANG_CXX_LIBRARY = "libc++";
				CLANG_ENABLE_MODULES = YES;
				CLANG_ENABLE_OBJC_ARC = YES;
				CLANG_WARN_BOOL_CONVERSION = YES;
				CLANG_WARN_CONSTANT_CONVERSION = YES;
				CLANG_WARN_DIRECT_OBJC_ISA_USAGE = YES_ERROR;
				CLANG_WARN_EMPTY_BODY = YES;
				CLANG_WARN_ENUM_CONVERSION = YES;
				CLANG_WARN_INT_CONVERSION = YES;
				CLANG_WARN_OBJC_ROOT_CLASS = YES_ERROR;
				CLANG_WARN_UNREACHABLE_CODE = YES;
				CLANG_WARN__DUPLICATE_METHOD_MATCH = YES;
				"CODE_SIGN_IDENTITY[sdk=iphoneos*]" = "iPhone Developer";
				COPY_PHASE_STRIP = NO;
				DEBUG_INFORMATION_FORMAT = "dwarf-with-dsym";
				ENABLE_NS_ASSERTIONS = NO;
				ENABLE_STRICT_OBJC_MSGSEND = YES;
				GCC_C_LANGUAGE_STANDARD = gnu99;
				GCC_NO_COMMON_BLOCKS = YES;
				GCC_WARN_64_TO_32_BIT_CONVERSION = YES;
				GCC_WARN_ABOUT_RETURN_TYPE = YES_ERROR;
				GCC_WARN_UNDECLARED_SELECTOR = YES;
				GCC_WARN_UNINITIALIZED_AUTOS = YES_AGGRESSIVE;
				GCC_WARN_UNUSED_FUNCTION = YES;
				GCC_WARN_UNUSED_VARIABLE = YES;
				IPHONEOS_DEPLOYMENT_TARGET = 9.2;
				MTL_ENABLE_DEBUG_INFO = NO;
				SDKROOT = iphoneos;
				VALIDATE_PRODUCT = YES;
			};
			name = Release;
		};
		01C28AB11C3127F900FDDB59 /* Debug */ = {
			isa = XCBuildConfiguration;
			baseConfigurationReference = A4E30F54D9C023CFC7A1750F /* Pods.debug.xcconfig */;
			buildSettings = {
				ASSETCATALOG_COMPILER_APPICON_NAME = AppIcon;
				INFOPLIST_FILE = AXChartKits/Info.plist;
				LD_RUNPATH_SEARCH_PATHS = "$(inherited) @executable_path/Frameworks";
				PRODUCT_BUNDLE_IDENTIFIER = KEEPStudio.AXChartKits;
				PRODUCT_NAME = "$(TARGET_NAME)";
			};
			name = Debug;
		};
		01C28AB21C3127F900FDDB59 /* Release */ = {
			isa = XCBuildConfiguration;
			baseConfigurationReference = BA2A2B3CA17D5484B1345B72 /* Pods.release.xcconfig */;
			buildSettings = {
				ASSETCATALOG_COMPILER_APPICON_NAME = AppIcon;
				INFOPLIST_FILE = AXChartKits/Info.plist;
				LD_RUNPATH_SEARCH_PATHS = "$(inherited) @executable_path/Frameworks";
				PRODUCT_BUNDLE_IDENTIFIER = KEEPStudio.AXChartKits;
				PRODUCT_NAME = "$(TARGET_NAME)";
			};
			name = Release;
		};
/* End XCBuildConfiguration section */

/* Begin XCConfigurationList section */
		01C28A941C3127F900FDDB59 /* Build configuration list for PBXProject "AXChartKits" */ = {
			isa = XCConfigurationList;
			buildConfigurations = (
				01C28AAE1C3127F900FDDB59 /* Debug */,
				01C28AAF1C3127F900FDDB59 /* Release */,
			);
			defaultConfigurationIsVisible = 0;
			defaultConfigurationName = Release;
		};
		01C28AB01C3127F900FDDB59 /* Build configuration list for PBXNativeTarget "AXChartKits" */ = {
			isa = XCConfigurationList;
			buildConfigurations = (
				01C28AB11C3127F900FDDB59 /* Debug */,
				01C28AB21C3127F900FDDB59 /* Release */,
			);
			defaultConfigurationIsVisible = 0;
			defaultConfigurationName = Release;
		};
/* End XCConfigurationList section */
	};
	rootObject = 01C28A911C3127F900FDDB59 /* Project object */;
}
